
Microsoft Visual Studio Solution File, Format Version 12.00
# Visual Studio Version 17
VisualStudioVersion = 17.14.36221.1 d17.14
MinimumVisualStudioVersion = 10.0.40219.1
Project("{FAE04EC0-301F-11D3-BF4B-00C04F79EFBC}") = "ISIP422_Pluzhnikov_Egunov", "ISIP422_Pluzhnikov_Egunov\ISIP422_Pluzhnikov_Egunov.csproj", "{EDCFF824-6719-4963-940A-D37361CAC36E}"
EndProject
Global
	GlobalSection(SolutionConfigurationPlatforms) = preSolution
		Debug|Any CPU = Debug|Any CPU
		Release|Any CPU = Release|Any CPU
	EndGlobalSection
	GlobalSection(ProjectConfigurationPlatforms) = postSolution
		{EDCFF824-6719-4963-940A-D37361CAC36E}.Debug|Any CPU.ActiveCfg = Debug|Any CPU
		{EDCFF824-6719-4963-940A-D37361CAC36E}.Debug|Any CPU.Build.0 = Debug|Any CPU
		{EDCFF824-6719-4963-940A-D37361CAC36E}.Release|Any CPU.ActiveCfg = Release|Any CPU
		{EDCFF824-6719-4963-940A-D37361CAC36E}.Release|Any CPU.Build.0 = Release|Any CPU
	EndGlobalSection
	GlobalSection(SolutionProperties) = preSolution
		HideSolutionNode = FALSE
	EndGlobalSection
	GlobalSection(ExtensibilityGlobals) = postSolution
		SolutionGuid = {B4AB7A78-B389-46F1-96FE-09D74559B1ED}
	EndGlobalSection
EndGlobal
